
Microsoft Visual Studio Solution File, Format Version 12.00
# Visual Studio 15
VisualStudioVersion = 15.0.28307.329
MinimumVisualStudioVersion = 10.0.40219.1
Project("{FAE04EC0-301F-11D3-BF4B-00C04F79EFBC}") = "ValidarCNPJ_CPF", "ValidarCNPJ_CPF\ValidarCNPJ_CPF.csproj", "{F5859F55-26A8-4258-BC10-5382EBE0180A}"
EndProject
Global
	GlobalSection(SolutionConfigurationPlatforms) = preSolution
		Debug|Any CPU = Debug|Any CPU
		Release|Any CPU = Release|Any CPU
	EndGlobalSection
	GlobalSection(ProjectConfigurationPlatforms) = postSolution
		{F5859F55-26A8-4258-BC10-5382EBE0180A}.Debug|Any CPU.ActiveCfg = Debug|Any CPU
		{F5859F55-26A8-4258-BC10-5382EBE0180A}.Debug|Any CPU.Build.0 = Debug|Any CPU
		{F5859F55-26A8-4258-BC10-5382EBE0180A}.Release|Any CPU.ActiveCfg = Release|Any CPU
		{F5859F55-26A8-4258-BC10-5382EBE0180A}.Release|Any CPU.Build.0 = Release|Any CPU
	EndGlobalSection
	GlobalSection(SolutionProperties) = preSolution
		HideSolutionNode = FALSE
	EndGlobalSection
	GlobalSection(ExtensibilityGlobals) = postSolution
		SolutionGuid = {B1DE5805-4EFF-4BC5-BFB8-2A2F154BA6F5}
	EndGlobalSection
EndGlobal
